
Microsoft Visual Studio Solution File, Format Version 11.00
# Visual Studio 2010
Project("{FAE04EC0-301F-11D3-BF4B-00C04F79EFBC}") = "TDVS.Game", "TDVS\TDVS.Game\TDVS.Game.csproj", "{8494FB24-B4FD-40C0-BD95-CE38128E5FD5}"
EndProject
Project("{FAE04EC0-301F-11D3-BF4B-00C04F79EFBC}") = "TDVS.Game.Content", "TDVS\TDVS.Game.Content\TDVS.Game.Content.contentproj", "{387B23EC-80D8-49D1-9A0D-0F2F0DCBCB96}"
EndProject
Project("{FAE04EC0-301F-11D3-BF4B-00C04F79EFBC}") = "TDVS.Common", "TDVS\TDVS.Common\TDVS.Common.csproj", "{DB950256-DF8A-4167-9B98-184ECEC0784E}"
EndProject
Project("{FAE04EC0-301F-11D3-BF4B-00C04F79EFBC}") = "TDVS.Server", "TDVS\TDVS.Server\TDVS.Server.csproj", "{BBEE98D5-7B23-4AF0-8725-B6D5E202C8CA}"
EndProject
Project("{FAE04EC0-301F-11D3-BF4B-00C04F79EFBC}") = "TDVS.Server.Application", "TDVS\TDVS.Server.Application\TDVS.Server.Application.csproj", "{F2CDBD55-4E15-46A7-BB34-A612DED212D4}"
EndProject
Project("{FAE04EC0-301F-11D3-BF4B-00C04F79EFBC}") = "TDVS.EntitySystem2", "TDVS\TDVS.EntitySystem2\TDVS.EntitySystem2.csproj", "{769FBBEE-575A-41EF-A75B-80415982A09A}"
EndProject
Project("{FAE04EC0-301F-11D3-BF4B-00C04F79EFBC}") = "TDVS.EntitySystem", "TDVS\TDVS.EntitySystem\TDVS.EntitySystem.csproj", "{ACDA4721-A292-4C7C-BAE8-05E0BE656730}"
EndProject
Project("{2150E333-8FDC-42A3-9474-1A3956D46DE8}") = "Game", "Game", "{CF4DCBE8-926D-49C9-8F70-D05BCF88E303}"
EndProject
Project("{2150E333-8FDC-42A3-9474-1A3956D46DE8}") = "Server", "Server", "{E6939CAC-E8E0-4252-81A2-C8DFA69CBB28}"
EndProject
Project("{2150E333-8FDC-42A3-9474-1A3956D46DE8}") = "Common", "Common", "{E5363FA5-F6B9-4E92-904A-FAA829713A53}"
EndProject
Project("{FAE04EC0-301F-11D3-BF4B-00C04F79EFBC}") = "TDVS.TileMap", "TDVS\TDVS.TileMap\TDVS.TileMap.csproj", "{C7341E93-3EF5-422C-B693-A6DE8A7E402F}"
EndProject
Global
	GlobalSection(SolutionConfigurationPlatforms) = preSolution
		Debug|x86 = Debug|x86
		Release|x86 = Release|x86
	EndGlobalSection
	GlobalSection(ProjectConfigurationPlatforms) = postSolution
		{8494FB24-B4FD-40C0-BD95-CE38128E5FD5}.Debug|x86.ActiveCfg = Debug|x86
		{8494FB24-B4FD-40C0-BD95-CE38128E5FD5}.Debug|x86.Build.0 = Debug|x86
		{8494FB24-B4FD-40C0-BD95-CE38128E5FD5}.Release|x86.ActiveCfg = Release|x86
		{8494FB24-B4FD-40C0-BD95-CE38128E5FD5}.Release|x86.Build.0 = Release|x86
		{387B23EC-80D8-49D1-9A0D-0F2F0DCBCB96}.Debug|x86.ActiveCfg = Debug|x86
		{387B23EC-80D8-49D1-9A0D-0F2F0DCBCB96}.Debug|x86.Build.0 = Debug|x86
		{387B23EC-80D8-49D1-9A0D-0F2F0DCBCB96}.Release|x86.ActiveCfg = Release|x86
		{DB950256-DF8A-4167-9B98-184ECEC0784E}.Debug|x86.ActiveCfg = Debug|x86
		{DB950256-DF8A-4167-9B98-184ECEC0784E}.Debug|x86.Build.0 = Debug|x86
		{DB950256-DF8A-4167-9B98-184ECEC0784E}.Release|x86.ActiveCfg = Release|x86
		{DB950256-DF8A-4167-9B98-184ECEC0784E}.Release|x86.Build.0 = Release|x86
		{BBEE98D5-7B23-4AF0-8725-B6D5E202C8CA}.Debug|x86.ActiveCfg = Debug|x86
		{BBEE98D5-7B23-4AF0-8725-B6D5E202C8CA}.Debug|x86.Build.0 = Debug|x86
		{BBEE98D5-7B23-4AF0-8725-B6D5E202C8CA}.Release|x86.ActiveCfg = Release|x86
		{BBEE98D5-7B23-4AF0-8725-B6D5E202C8CA}.Release|x86.Build.0 = Release|x86
		{F2CDBD55-4E15-46A7-BB34-A612DED212D4}.Debug|x86.ActiveCfg = Debug|x86
		{F2CDBD55-4E15-46A7-BB34-A612DED212D4}.Debug|x86.Build.0 = Debug|x86
		{F2CDBD55-4E15-46A7-BB34-A612DED212D4}.Release|x86.ActiveCfg = Release|x86
		{F2CDBD55-4E15-46A7-BB34-A612DED212D4}.Release|x86.Build.0 = Release|x86
		{769FBBEE-575A-41EF-A75B-80415982A09A}.Debug|x86.ActiveCfg = Debug|x86
		{769FBBEE-575A-41EF-A75B-80415982A09A}.Release|x86.ActiveCfg = Release|x86
		{ACDA4721-A292-4C7C-BAE8-05E0BE656730}.Debug|x86.ActiveCfg = Debug|x86
		{ACDA4721-A292-4C7C-BAE8-05E0BE656730}.Debug|x86.Build.0 = Debug|x86
		{ACDA4721-A292-4C7C-BAE8-05E0BE656730}.Release|x86.ActiveCfg = Release|x86
		{ACDA4721-A292-4C7C-BAE8-05E0BE656730}.Release|x86.Build.0 = Release|x86
		{C7341E93-3EF5-422C-B693-A6DE8A7E402F}.Debug|x86.ActiveCfg = Debug|x86
		{C7341E93-3EF5-422C-B693-A6DE8A7E402F}.Debug|x86.Build.0 = Debug|x86
		{C7341E93-3EF5-422C-B693-A6DE8A7E402F}.Release|x86.ActiveCfg = Release|x86
		{C7341E93-3EF5-422C-B693-A6DE8A7E402F}.Release|x86.Build.0 = Release|x86
	EndGlobalSection
	GlobalSection(SolutionProperties) = preSolution
		HideSolutionNode = FALSE
	EndGlobalSection
	GlobalSection(NestedProjects) = preSolution
		{8494FB24-B4FD-40C0-BD95-CE38128E5FD5} = {CF4DCBE8-926D-49C9-8F70-D05BCF88E303}
		{387B23EC-80D8-49D1-9A0D-0F2F0DCBCB96} = {CF4DCBE8-926D-49C9-8F70-D05BCF88E303}
		{BBEE98D5-7B23-4AF0-8725-B6D5E202C8CA} = {E6939CAC-E8E0-4252-81A2-C8DFA69CBB28}
		{F2CDBD55-4E15-46A7-BB34-A612DED212D4} = {E6939CAC-E8E0-4252-81A2-C8DFA69CBB28}
		{DB950256-DF8A-4167-9B98-184ECEC0784E} = {E5363FA5-F6B9-4E92-904A-FAA829713A53}
		{ACDA4721-A292-4C7C-BAE8-05E0BE656730} = {E5363FA5-F6B9-4E92-904A-FAA829713A53}
		{769FBBEE-575A-41EF-A75B-80415982A09A} = {E5363FA5-F6B9-4E92-904A-FAA829713A53}
		{C7341E93-3EF5-422C-B693-A6DE8A7E402F} = {E5363FA5-F6B9-4E92-904A-FAA829713A53}
	EndGlobalSection
EndGlobal
